// !$*UTF8*$!
{
	archiveVersion = 1;
	classes = {
	};
	objectVersion = 48;
	objects = {

/* Begin PBXBuildFile section */
		A6867BC5B50CC9023120CB0D /* Pods_app_nut_firebase.framework in Frameworks */ = {isa = PBXBuildFile; fileRef = A050B5B8C8A8C3779E5672BA /* Pods_app_nut_firebase.framework */; };
		AB062D661FB172D200C103E6 /* AppDelegate.swift in Sources */ = {isa = PBXBuildFile; fileRef = AB062D651FB172D200C103E6 /* AppDelegate.swift */; };
		AB062D681FB172D200C103E6 /* TabBarViewController.swift in Sources */ = {isa = PBXBuildFile; fileRef = AB062D671FB172D200C103E6 /* TabBarViewController.swift */; };
		AB062D6B1FB172D200C103E6 /* Main.storyboard in Resources */ = {isa = PBXBuildFile; fileRef = AB062D691FB172D200C103E6 /* Main.storyboard */; };
		AB062D6D1FB172D200C103E6 /* Assets.xcassets in Resources */ = {isa = PBXBuildFile; fileRef = AB062D6C1FB172D200C103E6 /* Assets.xcassets */; };
		AB062D701FB172D200C103E6 /* LaunchScreen.storyboard in Resources */ = {isa = PBXBuildFile; fileRef = AB062D6E1FB172D200C103E6 /* LaunchScreen.storyboard */; };
		AB062D791FB183AA00C103E6 /* LoginViewController.swift in Sources */ = {isa = PBXBuildFile; fileRef = AB062D781FB183AA00C103E6 /* LoginViewController.swift */; };
		AB062D7B1FB18B9400C103E6 /* GoogleService-Info.plist in Resources */ = {isa = PBXBuildFile; fileRef = AB062D7A1FB18B9400C103E6 /* GoogleService-Info.plist */; };
		AB062D7E1FB195DA00C103E6 /* SingUpViewController.swift in Sources */ = {isa = PBXBuildFile; fileRef = AB062D7D1FB195DA00C103E6 /* SingUpViewController.swift */; };
		AB15A3EB1FF0E70E009E599C /* Localizable.strings in Resources */ = {isa = PBXBuildFile; fileRef = AB15A3ED1FF0E70E009E599C /* Localizable.strings */; };
		AB15A3F21FF0FA0D009E599C /* R.generated.swift in Sources */ = {isa = PBXBuildFile; fileRef = AB15A3F11FF0FA0D009E599C /* R.generated.swift */; };
		AB41948020086051006DFC99 /* Constants.swift in Sources */ = {isa = PBXBuildFile; fileRef = AB41947E20086051006DFC99 /* Constants.swift */; };
		AB41948120086051006DFC99 /* FunctionHelper.swift in Sources */ = {isa = PBXBuildFile; fileRef = AB41947F20086051006DFC99 /* FunctionHelper.swift */; };
		AB554C081FBBE70200776985 /* CardView.swift in Sources */ = {isa = PBXBuildFile; fileRef = AB554C071FBBE70200776985 /* CardView.swift */; };
		AB66CD3C1FFF78A500124B07 /* TwitterKitResources.bundle in Resources */ = {isa = PBXBuildFile; fileRef = AB66CD381FFF78A300124B07 /* TwitterKitResources.bundle */; };
		AB66CD3D1FFF78A500124B07 /* TwitterCore.framework in Frameworks */ = {isa = PBXBuildFile; fileRef = AB66CD391FFF78A400124B07 /* TwitterCore.framework */; };
		AB66CD3E1FFF78A500124B07 /* TwitterShareExtensionUIResources.bundle in Resources */ = {isa = PBXBuildFile; fileRef = AB66CD3A1FFF78A400124B07 /* TwitterShareExtensionUIResources.bundle */; };
		AB66CD3F1FFF78A500124B07 /* TwitterKit.framework in Frameworks */ = {isa = PBXBuildFile; fileRef = AB66CD3B1FFF78A500124B07 /* TwitterKit.framework */; };
		AB9ABE151FB1BB5600DB3204 /* ResetPasswordViewController.swift in Sources */ = {isa = PBXBuildFile; fileRef = AB9ABE141FB1BB5600DB3204 /* ResetPasswordViewController.swift */; };
		ABAE073C1FBAA1F40039C31B /* SearchViewController.swift in Sources */ = {isa = PBXBuildFile; fileRef = ABAE07371FBAA1F40039C31B /* SearchViewController.swift */; };
		ABAE073D1FBAA1F40039C31B /* HomeViewController.swift in Sources */ = {isa = PBXBuildFile; fileRef = ABAE07381FBAA1F40039C31B /* HomeViewController.swift */; };
		ABAE073E1FBAA1F40039C31B /* CameraViewController.swift in Sources */ = {isa = PBXBuildFile; fileRef = ABAE07391FBAA1F40039C31B /* CameraViewController.swift */; };
		ABAE07401FBAA1F40039C31B /* AccountViewController.swift in Sources */ = {isa = PBXBuildFile; fileRef = ABAE073B1FBAA1F40039C31B /* AccountViewController.swift */; };
		ABD4FDE92007631400289C02 /* FeedTableViewController.swift in Sources */ = {isa = PBXBuildFile; fileRef = ABD4FDE82007631400289C02 /* FeedTableViewController.swift */; };
		ABD4FDEC2007648A00289C02 /* UserResource.swift in Sources */ = {isa = PBXBuildFile; fileRef = ABD4FDEB2007648A00289C02 /* UserResource.swift */; };
/* End PBXBuildFile section */

/* Begin PBXFileReference section */
		0BC0408212BA818609985198 /* Pods-app-nut-firebase.debug.xcconfig */ = {isa = PBXFileReference; includeInIndex = 1; lastKnownFileType = text.xcconfig; name = "Pods-app-nut-firebase.debug.xcconfig"; path = "Pods/Target Support Files/Pods-app-nut-firebase/Pods-app-nut-firebase.debug.xcconfig"; sourceTree = "<group>"; };
		32F323C3C7D45C11037E6BD5 /* Pods-app-nut-firebase.release.xcconfig */ = {isa = PBXFileReference; includeInIndex = 1; lastKnownFileType = text.xcconfig; name = "Pods-app-nut-firebase.release.xcconfig"; path = "Pods/Target Support Files/Pods-app-nut-firebase/Pods-app-nut-firebase.release.xcconfig"; sourceTree = "<group>"; };
		A050B5B8C8A8C3779E5672BA /* Pods_app_nut_firebase.framework */ = {isa = PBXFileReference; explicitFileType = wrapper.framework; includeInIndex = 0; path = Pods_app_nut_firebase.framework; sourceTree = BUILT_PRODUCTS_DIR; };
		AB062D621FB172D200C103E6 /* app-nut-firebase.app */ = {isa = PBXFileReference; explicitFileType = wrapper.application; includeInIndex = 0; path = "app-nut-firebase.app"; sourceTree = BUILT_PRODUCTS_DIR; };
		AB062D651FB172D200C103E6 /* AppDelegate.swift */ = {isa = PBXFileReference; lastKnownFileType = sourcecode.swift; path = AppDelegate.swift; sourceTree = "<group>"; };
		AB062D671FB172D200C103E6 /* TabBarViewController.swift */ = {isa = PBXFileReference; lastKnownFileType = sourcecode.swift; path = TabBarViewController.swift; sourceTree = "<group>"; };
		AB062D6A1FB172D200C103E6 /* Base */ = {isa = PBXFileReference; lastKnownFileType = file.storyboard; name = Base; path = Base.lproj/Main.storyboard; sourceTree = "<group>"; };
		AB062D6C1FB172D200C103E6 /* Assets.xcassets */ = {isa = PBXFileReference; lastKnownFileType = folder.assetcatalog; path = Assets.xcassets; sourceTree = "<group>"; };
		AB062D6F1FB172D200C103E6 /* Base */ = {isa = PBXFileReference; lastKnownFileType = file.storyboard; name = Base; path = Base.lproj/LaunchScreen.storyboard; sourceTree = "<group>"; };
		AB062D711FB172D200C103E6 /* Info.plist */ = {isa = PBXFileReference; lastKnownFileType = text.plist.xml; path = Info.plist; sourceTree = "<group>"; };
		AB062D781FB183AA00C103E6 /* LoginViewController.swift */ = {isa = PBXFileReference; lastKnownFileType = sourcecode.swift; path = LoginViewController.swift; sourceTree = "<group>"; };
		AB062D7A1FB18B9400C103E6 /* GoogleService-Info.plist */ = {isa = PBXFileReference; fileEncoding = 4; lastKnownFileType = text.plist.xml; path = "GoogleService-Info.plist"; sourceTree = "<group>"; };
		AB062D7D1FB195DA00C103E6 /* SingUpViewController.swift */ = {isa = PBXFileReference; lastKnownFileType = sourcecode.swift; path = SingUpViewController.swift; sourceTree = "<group>"; };
		AB15A3E71FF0E0E4009E599C /* th */ = {isa = PBXFileReference; lastKnownFileType = text.plist.strings; name = th; path = th.lproj/Main.strings; sourceTree = "<group>"; };
		AB15A3E81FF0E0E4009E599C /* th */ = {isa = PBXFileReference; lastKnownFileType = text.plist.strings; name = th; path = th.lproj/LaunchScreen.strings; sourceTree = "<group>"; };
		AB15A3EE1FF0E71A009E599C /* th */ = {isa = PBXFileReference; lastKnownFileType = text.plist.strings; name = th; path = th.lproj/Localizable.strings; sourceTree = "<group>"; };
		AB15A3EF1FF0E81D009E599C /* Base */ = {isa = PBXFileReference; lastKnownFileType = text.plist.strings; name = Base; path = Base.lproj/Localizable.strings; sourceTree = "<group>"; };
		AB15A3F11FF0FA0D009E599C /* R.generated.swift */ = {isa = PBXFileReference; fileEncoding = 4; lastKnownFileType = sourcecode.swift; path = R.generated.swift; sourceTree = "<group>"; };
		AB41947E20086051006DFC99 /* Constants.swift */ = {isa = PBXFileReference; fileEncoding = 4; lastKnownFileType = sourcecode.swift; path = Constants.swift; sourceTree = "<group>"; };
		AB41947F20086051006DFC99 /* FunctionHelper.swift */ = {isa = PBXFileReference; fileEncoding = 4; lastKnownFileType = sourcecode.swift; path = FunctionHelper.swift; sourceTree = "<group>"; };
		AB554C071FBBE70200776985 /* CardView.swift */ = {isa = PBXFileReference; fileEncoding = 4; lastKnownFileType = sourcecode.swift; path = CardView.swift; sourceTree = "<group>"; };
		AB66CD381FFF78A300124B07 /* TwitterKitResources.bundle */ = {isa = PBXFileReference; lastKnownFileType = "wrapper.plug-in"; path = TwitterKitResources.bundle; sourceTree = "<group>"; };
		AB66CD391FFF78A400124B07 /* TwitterCore.framework */ = {isa = PBXFileReference; lastKnownFileType = wrapper.framework; path = TwitterCore.framework; sourceTree = "<group>"; };
		AB66CD3A1FFF78A400124B07 /* TwitterShareExtensionUIResources.bundle */ = {isa = PBXFileReference; lastKnownFileType = "wrapper.plug-in"; path = TwitterShareExtensionUIResources.bundle; sourceTree = "<group>"; };
		AB66CD3B1FFF78A500124B07 /* TwitterKit.framework */ = {isa = PBXFileReference; lastKnownFileType = wrapper.framework; path = TwitterKit.framework; sourceTree = "<group>"; };
		AB9ABE141FB1BB5600DB3204 /* ResetPasswordViewController.swift */ = {isa = PBXFileReference; lastKnownFileType = sourcecode.swift; path = ResetPasswordViewController.swift; sourceTree = "<group>"; };
		ABAE07371FBAA1F40039C31B /* SearchViewController.swift */ = {isa = PBXFileReference; fileEncoding = 4; lastKnownFileType = sourcecode.swift; path = SearchViewController.swift; sourceTree = "<group>"; };
		ABAE07381FBAA1F40039C31B /* HomeViewController.swift */ = {isa = PBXFileReference; fileEncoding = 4; lastKnownFileType = sourcecode.swift; path = HomeViewController.swift; sourceTree = "<group>"; };
		ABAE07391FBAA1F40039C31B /* CameraViewController.swift */ = {isa = PBXFileReference; fileEncoding = 4; lastKnownFileType = sourcecode.swift; path = CameraViewController.swift; sourceTree = "<group>"; };
		ABAE073B1FBAA1F40039C31B /* AccountViewController.swift */ = {isa = PBXFileReference; fileEncoding = 4; lastKnownFileType = sourcecode.swift; path = AccountViewController.swift; sourceTree = "<group>"; };
		ABD4FDE82007631400289C02 /* FeedTableViewController.swift */ = {isa = PBXFileReference; lastKnownFileType = sourcecode.swift; path = FeedTableViewController.swift; sourceTree = "<group>"; };
		ABD4FDEB2007648A00289C02 /* UserResource.swift */ = {isa = PBXFileReference; fileEncoding = 4; lastKnownFileType = sourcecode.swift; path = UserResource.swift; sourceTree = "<group>"; };
/* End PBXFileReference section */

/* Begin PBXFrameworksBuildPhase section */
		AB062D5F1FB172D200C103E6 /* Frameworks */ = {
			isa = PBXFrameworksBuildPhase;
			buildActionMask = 2147483647;
			files = (
				A6867BC5B50CC9023120CB0D /* Pods_app_nut_firebase.framework in Frameworks */,
				AB66CD3D1FFF78A500124B07 /* TwitterCore.framework in Frameworks */,
				AB66CD3F1FFF78A500124B07 /* TwitterKit.framework in Frameworks */,
			);
			runOnlyForDeploymentPostprocessing = 0;
		};
/* End PBXFrameworksBuildPhase section */

/* Begin PBXGroup section */
		6887037625BECC758F092F2B /* Frameworks */ = {
			isa = PBXGroup;
			children = (
				AB66CD391FFF78A400124B07 /* TwitterCore.framework */,
				AB66CD3B1FFF78A500124B07 /* TwitterKit.framework */,
				AB66CD381FFF78A300124B07 /* TwitterKitResources.bundle */,
				AB66CD3A1FFF78A400124B07 /* TwitterShareExtensionUIResources.bundle */,
				A050B5B8C8A8C3779E5672BA /* Pods_app_nut_firebase.framework */,
			);
			name = Frameworks;
			sourceTree = "<group>";
		};
		81ECFA9B50F71D2B6D672F57 /* Pods */ = {
			isa = PBXGroup;
			children = (
				0BC0408212BA818609985198 /* Pods-app-nut-firebase.debug.xcconfig */,
				32F323C3C7D45C11037E6BD5 /* Pods-app-nut-firebase.release.xcconfig */,
			);
			name = Pods;
			sourceTree = "<group>";
		};
		AB062D591FB172D200C103E6 = {
			isa = PBXGroup;
			children = (
				AB15A3F11FF0FA0D009E599C /* R.generated.swift */,
				AB062D641FB172D200C103E6 /* app-nut-firebase */,
				AB062D631FB172D200C103E6 /* Products */,
				81ECFA9B50F71D2B6D672F57 /* Pods */,
				6887037625BECC758F092F2B /* Frameworks */,
			);
			sourceTree = "<group>";
		};
		AB062D631FB172D200C103E6 /* Products */ = {
			isa = PBXGroup;
			children = (
				AB062D621FB172D200C103E6 /* app-nut-firebase.app */,
			);
			name = Products;
			sourceTree = "<group>";
		};
		AB062D641FB172D200C103E6 /* app-nut-firebase */ = {
			isa = PBXGroup;
			children = (
				AB062D651FB172D200C103E6 /* AppDelegate.swift */,
				AB554C071FBBE70200776985 /* CardView.swift */,
				AB062D7D1FB195DA00C103E6 /* SingUpViewController.swift */,
				AB062D781FB183AA00C103E6 /* LoginViewController.swift */,
				AB9ABE141FB1BB5600DB3204 /* ResetPasswordViewController.swift */,
				AB062D671FB172D200C103E6 /* TabBarViewController.swift */,
				AB41947D20086051006DFC99 /* Function Helper */,
				ABD4FDEA2007648A00289C02 /* Resource */,
				ABAE07361FBAA1F40039C31B /* TabBar */,
				AB062D691FB172D200C103E6 /* Main.storyboard */,
				AB062D6C1FB172D200C103E6 /* Assets.xcassets */,
				AB062D6E1FB172D200C103E6 /* LaunchScreen.storyboard */,
				AB062D7A1FB18B9400C103E6 /* GoogleService-Info.plist */,
				AB062D711FB172D200C103E6 /* Info.plist */,
				AB15A3ED1FF0E70E009E599C /* Localizable.strings */,
			);
			path = "app-nut-firebase";
			sourceTree = "<group>";
		};
		AB41947D20086051006DFC99 /* Function Helper */ = {
			isa = PBXGroup;
			children = (
				AB41947E20086051006DFC99 /* Constants.swift */,
				AB41947F20086051006DFC99 /* FunctionHelper.swift */,
			);
			path = "Function Helper";
			sourceTree = "<group>";
		};
		ABAE07361FBAA1F40039C31B /* TabBar */ = {
			isa = PBXGroup;
			children = (
				ABAE07371FBAA1F40039C31B /* SearchViewController.swift */,
				ABAE07381FBAA1F40039C31B /* HomeViewController.swift */,
				ABAE07391FBAA1F40039C31B /* CameraViewController.swift */,
				ABAE073B1FBAA1F40039C31B /* AccountViewController.swift */,
				ABD4FDE82007631400289C02 /* FeedTableViewController.swift */,
			);
			path = TabBar;
			sourceTree = "<group>";
		};
		ABD4FDEA2007648A00289C02 /* Resource */ = {
			isa = PBXGroup;
			children = (
				ABD4FDEB2007648A00289C02 /* UserResource.swift */,
			);
			name = Resource;
			path = ../../LoginFacebook/Resource;
			sourceTree = "<group>";
		};
/* End PBXGroup section */

/* Begin PBXNativeTarget section */
		AB062D611FB172D200C103E6 /* app-nut-firebase */ = {
			isa = PBXNativeTarget;
			buildConfigurationList = AB062D741FB172D200C103E6 /* Build configuration list for PBXNativeTarget "app-nut-firebase" */;
			buildPhases = (
				09DC21167D9E855D887273AF /* [CP] Check Pods Manifest.lock */,
				AB062D5E1FB172D200C103E6 /* Sources */,
				AB062D5F1FB172D200C103E6 /* Frameworks */,
				AB062D601FB172D200C103E6 /* Resources */,
				B625ADAF9772E690EA25996C /* [CP] Embed Pods Frameworks */,
				2F1A74EFF5BEC7BDEA872D9F /* [CP] Copy Pods Resources */,
				AB062D771FB173F800C103E6 /* ShellScript */,
				AB15A3F01FF0F8C6009E599C /* R.swift */,
			);
			buildRules = (
			);
			dependencies = (
			);
			name = "app-nut-firebase";
			productName = "app-nut-firebase";
			productReference = AB062D621FB172D200C103E6 /* app-nut-firebase.app */;
			productType = "com.apple.product-type.application";
		};
/* End PBXNativeTarget section */

/* Begin PBXProject section */
		AB062D5A1FB172D200C103E6 /* Project object */ = {
			isa = PBXProject;
			attributes = {
				LastSwiftUpdateCheck = 0910;
				LastUpgradeCheck = 0910;
				ORGANIZATIONNAME = "Jiraporn Praneet";
				TargetAttributes = {
					AB062D611FB172D200C103E6 = {
						CreatedOnToolsVersion = 9.1;
						ProvisioningStyle = Automatic;
					};
				};
			};
			buildConfigurationList = AB062D5D1FB172D200C103E6 /* Build configuration list for PBXProject "app-nut-firebase" */;
			compatibilityVersion = "Xcode 8.0";
			developmentRegion = en;
			hasScannedForEncodings = 0;
			knownRegions = (
				en,
				Base,
				th,
			);
			mainGroup = AB062D591FB172D200C103E6;
			productRefGroup = AB062D631FB172D200C103E6 /* Products */;
			projectDirPath = "";
			projectRoot = "";
			targets = (
				AB062D611FB172D200C103E6 /* app-nut-firebase */,
			);
		};
/* End PBXProject section */

/* Begin PBXResourcesBuildPhase section */
		AB062D601FB172D200C103E6 /* Resources */ = {
			isa = PBXResourcesBuildPhase;
			buildActionMask = 2147483647;
			files = (
				AB15A3EB1FF0E70E009E599C /* Localizable.strings in Resources */,
				AB062D701FB172D200C103E6 /* LaunchScreen.storyboard in Resources */,
				AB062D7B1FB18B9400C103E6 /* GoogleService-Info.plist in Resources */,
				AB062D6D1FB172D200C103E6 /* Assets.xcassets in Resources */,
				AB66CD3E1FFF78A500124B07 /* TwitterShareExtensionUIResources.bundle in Resources */,
				AB66CD3C1FFF78A500124B07 /* TwitterKitResources.bundle in Resources */,
				AB062D6B1FB172D200C103E6 /* Main.storyboard in Resources */,
			);
			runOnlyForDeploymentPostprocessing = 0;
		};
/* End PBXResourcesBuildPhase section */

/* Begin PBXShellScriptBuildPhase section */
		09DC21167D9E855D887273AF /* [CP] Check Pods Manifest.lock */ = {
			isa = PBXShellScriptBuildPhase;
			buildActionMask = 2147483647;
			files = (
			);
			inputPaths = (
				"${PODS_PODFILE_DIR_PATH}/Podfile.lock",
				"${PODS_ROOT}/Manifest.lock",
			);
			name = "[CP] Check Pods Manifest.lock";
			outputPaths = (
				"$(DERIVED_FILE_DIR)/Pods-app-nut-firebase-checkManifestLockResult.txt",
			);
			runOnlyForDeploymentPostprocessing = 0;
			shellPath = /bin/sh;
			shellScript = "diff \"${PODS_PODFILE_DIR_PATH}/Podfile.lock\" \"${PODS_ROOT}/Manifest.lock\" > /dev/null\nif [ $? != 0 ] ; then\n    # print error to STDERR\n    echo \"error: The sandbox is not in sync with the Podfile.lock. Run 'pod install' or update your CocoaPods installation.\" >&2\n    exit 1\nfi\n# This output is used by Xcode 'outputs' to avoid re-running this script phase.\necho \"SUCCESS\" > \"${SCRIPT_OUTPUT_FILE_0}\"\n";
			showEnvVarsInLog = 0;
		};
		2F1A74EFF5BEC7BDEA872D9F /* [CP] Copy Pods Resources */ = {
			isa = PBXShellScriptBuildPhase;
			buildActionMask = 2147483647;
			files = (
			);
			inputPaths = (
				"${SRCROOT}/Pods/Target Support Files/Pods-app-nut-firebase/Pods-app-nut-firebase-resources.sh",
				"${PODS_ROOT}/GoogleSignIn/Resources/GoogleSignIn.bundle",
				"${PODS_ROOT}/TwitterKit/iOS/TwitterKit.framework/TwitterKitResources.bundle",
				"${PODS_ROOT}/TwitterKit/iOS/TwitterKit.framework/TwitterShareExtensionUIResources.bundle",
			);
			name = "[CP] Copy Pods Resources";
			outputPaths = (
				"${TARGET_BUILD_DIR}/${UNLOCALIZED_RESOURCES_FOLDER_PATH}",
			);
			runOnlyForDeploymentPostprocessing = 0;
			shellPath = /bin/sh;
			shellScript = "\"${SRCROOT}/Pods/Target Support Files/Pods-app-nut-firebase/Pods-app-nut-firebase-resources.sh\"\n";
			showEnvVarsInLog = 0;
		};
		AB062D771FB173F800C103E6 /* ShellScript */ = {
			isa = PBXShellScriptBuildPhase;
			buildActionMask = 2147483647;
			files = (
			);
			inputPaths = (
			);
			outputPaths = (
			);
			runOnlyForDeploymentPostprocessing = 0;
			shellPath = /bin/sh;
			shellScript = "\"${PODS_ROOT}/SwiftLint/swiftlint\"\n";
		};
		AB15A3F01FF0F8C6009E599C /* R.swift */ = {
			isa = PBXShellScriptBuildPhase;
			buildActionMask = 2147483647;
			files = (
			);
			inputPaths = (
			);
			name = R.swift;
			outputPaths = (
			);
			runOnlyForDeploymentPostprocessing = 0;
			shellPath = /bin/sh;
			shellScript = "\"$PODS_ROOT/R.swift/rswift\" generate \"$SRCROOT\"";
		};
		B625ADAF9772E690EA25996C /* [CP] Embed Pods Frameworks */ = {
			isa = PBXShellScriptBuildPhase;
			buildActionMask = 2147483647;
			files = (
			);
			inputPaths = (
				"${SRCROOT}/Pods/Target Support Files/Pods-app-nut-firebase/Pods-app-nut-firebase-frameworks.sh",
				"${BUILT_PRODUCTS_DIR}/AZTabBar/AZTabBar.framework",
				"${BUILT_PRODUCTS_DIR}/Alamofire/Alamofire.framework",
				"${BUILT_PRODUCTS_DIR}/Bolts/Bolts.framework",
				"${BUILT_PRODUCTS_DIR}/CocoaSecurity/CocoaSecurity.framework",
				"${BUILT_PRODUCTS_DIR}/EVReflection/EVReflection.framework",
				"${BUILT_PRODUCTS_DIR}/EasyNotificationBadge/EasyNotificationBadge.framework",
				"${BUILT_PRODUCTS_DIR}/FBSDKCoreKit/FBSDKCoreKit.framework",
				"${BUILT_PRODUCTS_DIR}/FBSDKLoginKit/FBSDKLoginKit.framework",
				"${BUILT_PRODUCTS_DIR}/FBSDKShareKit/FBSDKShareKit.framework",
				"${BUILT_PRODUCTS_DIR}/FacebookCore/FacebookCore.framework",
				"${BUILT_PRODUCTS_DIR}/FacebookLogin/FacebookLogin.framework",
				"${BUILT_PRODUCTS_DIR}/GTMOAuth2/GTMOAuth2.framework",
				"${BUILT_PRODUCTS_DIR}/GTMSessionFetcher/GTMSessionFetcher.framework",
				"${BUILT_PRODUCTS_DIR}/GoogleToolboxForMac/GoogleToolboxForMac.framework",
				"${BUILT_PRODUCTS_DIR}/OCThumbor/OCThumbor.framework",
				"${BUILT_PRODUCTS_DIR}/R.swift.Library/Rswift.framework",
				"${BUILT_PRODUCTS_DIR}/SDWebImage/SDWebImage.framework",
				"${PODS_ROOT}/TwitterCore/iOS/TwitterCore.framework",
				"${PODS_ROOT}/TwitterKit/iOS/TwitterKit.framework",
				"${BUILT_PRODUCTS_DIR}/leveldb-library/leveldb.framework",
				"${BUILT_PRODUCTS_DIR}/nanopb/nanopb.framework",
			);
			name = "[CP] Embed Pods Frameworks";
			outputPaths = (
				"${TARGET_BUILD_DIR}/${FRAMEWORKS_FOLDER_PATH}/AZTabBar.framework",
				"${TARGET_BUILD_DIR}/${FRAMEWORKS_FOLDER_PATH}/Alamofire.framework",
				"${TARGET_BUILD_DIR}/${FRAMEWORKS_FOLDER_PATH}/Bolts.framework",
				"${TARGET_BUILD_DIR}/${FRAMEWORKS_FOLDER_PATH}/CocoaSecurity.framework",
				"${TARGET_BUILD_DIR}/${FRAMEWORKS_FOLDER_PATH}/EVReflection.framework",
				"${TARGET_BUILD_DIR}/${FRAMEWORKS_FOLDER_PATH}/EasyNotificationBadge.framework",
				"${TARGET_BUILD_DIR}/${FRAMEWORKS_FOLDER_PATH}/FBSDKCoreKit.framework",
				"${TARGET_BUILD_DIR}/${FRAMEWORKS_FOLDER_PATH}/FBSDKLoginKit.framework",
				"${TARGET_BUILD_DIR}/${FRAMEWORKS_FOLDER_PATH}/FBSDKShareKit.framework",
				"${TARGET_BUILD_DIR}/${FRAMEWORKS_FOLDER_PATH}/FacebookCore.framework",
				"${TARGET_BUILD_DIR}/${FRAMEWORKS_FOLDER_PATH}/FacebookLogin.framework",
				"${TARGET_BUILD_DIR}/${FRAMEWORKS_FOLDER_PATH}/GTMOAuth2.framework",
				"${TARGET_BUILD_DIR}/${FRAMEWORKS_FOLDER_PATH}/GTMSessionFetcher.framework",
				"${TARGET_BUILD_DIR}/${FRAMEWORKS_FOLDER_PATH}/GoogleToolboxForMac.framework",
				"${TARGET_BUILD_DIR}/${FRAMEWORKS_FOLDER_PATH}/OCThumbor.framework",
				"${TARGET_BUILD_DIR}/${FRAMEWORKS_FOLDER_PATH}/Rswift.framework",
				"${TARGET_BUILD_DIR}/${FRAMEWORKS_FOLDER_PATH}/SDWebImage.framework",
				"${TARGET_BUILD_DIR}/${FRAMEWORKS_FOLDER_PATH}/TwitterCore.framework",
				"${TARGET_BUILD_DIR}/${FRAMEWORKS_FOLDER_PATH}/TwitterKit.framework",
				"${TARGET_BUILD_DIR}/${FRAMEWORKS_FOLDER_PATH}/leveldb.framework",
				"${TARGET_BUILD_DIR}/${FRAMEWORKS_FOLDER_PATH}/nanopb.framework",
			);
			runOnlyForDeploymentPostprocessing = 0;
			shellPath = /bin/sh;
			shellScript = "\"${SRCROOT}/Pods/Target Support Files/Pods-app-nut-firebase/Pods-app-nut-firebase-frameworks.sh\"\n";
			showEnvVarsInLog = 0;
		};
/* End PBXShellScriptBuildPhase section */

/* Begin PBXSourcesBuildPhase section */
		AB062D5E1FB172D200C103E6 /* Sources */ = {
			isa = PBXSourcesBuildPhase;
			buildActionMask = 2147483647;
			files = (
				AB062D791FB183AA00C103E6 /* LoginViewController.swift in Sources */,
				ABAE073C1FBAA1F40039C31B /* SearchViewController.swift in Sources */,
				ABD4FDE92007631400289C02 /* FeedTableViewController.swift in Sources */,
				ABAE073E1FBAA1F40039C31B /* CameraViewController.swift in Sources */,
				AB062D681FB172D200C103E6 /* TabBarViewController.swift in Sources */,
				AB9ABE151FB1BB5600DB3204 /* ResetPasswordViewController.swift in Sources */,
				AB062D7E1FB195DA00C103E6 /* SingUpViewController.swift in Sources */,
				ABAE07401FBAA1F40039C31B /* AccountViewController.swift in Sources */,
				AB062D661FB172D200C103E6 /* AppDelegate.swift in Sources */,
				AB554C081FBBE70200776985 /* CardView.swift in Sources */,
				ABAE073D1FBAA1F40039C31B /* HomeViewController.swift in Sources */,
				AB41948020086051006DFC99 /* Constants.swift in Sources */,
				AB41948120086051006DFC99 /* FunctionHelper.swift in Sources */,
				ABD4FDEC2007648A00289C02 /* UserResource.swift in Sources */,
				AB15A3F21FF0FA0D009E599C /* R.generated.swift in Sources */,
			);
			runOnlyForDeploymentPostprocessing = 0;
		};
/* End PBXSourcesBuildPhase section */

/* Begin PBXVariantGroup section */
		AB062D691FB172D200C103E6 /* Main.storyboard */ = {
			isa = PBXVariantGroup;
			children = (
				AB062D6A1FB172D200C103E6 /* Base */,
				AB15A3E71FF0E0E4009E599C /* th */,
			);
			name = Main.storyboard;
			sourceTree = "<group>";
		};
		AB062D6E1FB172D200C103E6 /* LaunchScreen.storyboard */ = {
			isa = PBXVariantGroup;
			children = (
				AB062D6F1FB172D200C103E6 /* Base */,
				AB15A3E81FF0E0E4009E599C /* th */,
			);
			name = LaunchScreen.storyboard;
			sourceTree = "<group>";
		};
		AB15A3ED1FF0E70E009E599C /* Localizable.strings */ = {
			isa = PBXVariantGroup;
			children = (
				AB15A3EE1FF0E71A009E599C /* th */,
				AB15A3EF1FF0E81D009E599C /* Base */,
			);
			name = Localizable.strings;
			sourceTree = "<group>";
		};
/* End PBXVariantGroup section */

/* Begin XCBuildConfiguration section */
		AB062D721FB172D200C103E6 /* Debug */ = {
			isa = XCBuildConfiguration;
			buildSettings = {
				ALWAYS_SEARCH_USER_PATHS = NO;
				CLANG_ANALYZER_LOCALIZABILITY_NONLOCALIZED = YES;
				CLANG_ANALYZER_NONNULL = YES;
				CLANG_ANALYZER_NUMBER_OBJECT_CONVERSION = YES_AGGRESSIVE;
				CLANG_CXX_LANGUAGE_STANDARD = "gnu++14";
				CLANG_CXX_LIBRARY = "libc++";
				CLANG_ENABLE_MODULES = YES;
				CLANG_ENABLE_OBJC_ARC = YES;
				CLANG_WARN_BLOCK_CAPTURE_AUTORELEASING = YES;
				CLANG_WARN_BOOL_CONVERSION = YES;
				CLANG_WARN_COMMA = YES;
				CLANG_WARN_CONSTANT_CONVERSION = YES;
				CLANG_WARN_DIRECT_OBJC_ISA_USAGE = YES_ERROR;
				CLANG_WARN_DOCUMENTATION_COMMENTS = YES;
				CLANG_WARN_EMPTY_BODY = YES;
				CLANG_WARN_ENUM_CONVERSION = YES;
				CLANG_WARN_INFINITE_RECURSION = YES;
				CLANG_WARN_INT_CONVERSION = YES;
				CLANG_WARN_NON_LITERAL_NULL_CONVERSION = YES;
				CLANG_WARN_OBJC_LITERAL_CONVERSION = YES;
				CLANG_WARN_OBJC_ROOT_CLASS = YES_ERROR;
				CLANG_WARN_RANGE_LOOP_ANALYSIS = YES;
				CLANG_WARN_STRICT_PROTOTYPES = YES;
				CLANG_WARN_SUSPICIOUS_MOVE = YES;
				CLANG_WARN_UNGUARDED_AVAILABILITY = YES_AGGRESSIVE;
				CLANG_WARN_UNREACHABLE_CODE = YES;
				CLANG_WARN__DUPLICATE_METHOD_MATCH = YES;
				CODE_SIGN_IDENTITY = "iPhone Developer";
				COPY_PHASE_STRIP = NO;
				DEBUG_INFORMATION_FORMAT = dwarf;
				ENABLE_STRICT_OBJC_MSGSEND = YES;
				ENABLE_TESTABILITY = YES;
				GCC_C_LANGUAGE_STANDARD = gnu11;
				GCC_DYNAMIC_NO_PIC = NO;
				GCC_NO_COMMON_BLOCKS = YES;
				GCC_OPTIMIZATION_LEVEL = 0;
				GCC_PREPROCESSOR_DEFINITIONS = (
					"DEBUG=1",
					"$(inherited)",
				);
				GCC_WARN_64_TO_32_BIT_CONVERSION = YES;
				GCC_WARN_ABOUT_RETURN_TYPE = YES_ERROR;
				GCC_WARN_UNDECLARED_SELECTOR = YES;
				GCC_WARN_UNINITIALIZED_AUTOS = YES_AGGRESSIVE;
				GCC_WARN_UNUSED_FUNCTION = YES;
				GCC_WARN_UNUSED_VARIABLE = YES;
				IPHONEOS_DEPLOYMENT_TARGET = 11.1;
				MTL_ENABLE_DEBUG_INFO = YES;
				ONLY_ACTIVE_ARCH = YES;
				SDKROOT = iphoneos;
				SWIFT_ACTIVE_COMPILATION_CONDITIONS = DEBUG;
				SWIFT_OPTIMIZATION_LEVEL = "-Onone";
			};
			name = Debug;
		};
		AB062D731FB172D200C103E6 /* Release */ = {
			isa = XCBuildConfiguration;
			buildSettings = {
				ALWAYS_SEARCH_USER_PATHS = NO;
				CLANG_ANALYZER_LOCALIZABILITY_NONLOCALIZED = YES;
				CLANG_ANALYZER_NONNULL = YES;
				CLANG_ANALYZER_NUMBER_OBJECT_CONVERSION = YES_AGGRESSIVE;
				CLANG_CXX_LANGUAGE_STANDARD = "gnu++14";
				CLANG_CXX_LIBRARY = "libc++";
				CLANG_ENABLE_MODULES = YES;
				CLANG_ENABLE_OBJC_ARC = YES;
				CLANG_WARN_BLOCK_CAPTURE_AUTORELEASING = YES;
				CLANG_WARN_BOOL_CONVERSION = YES;
				CLANG_WARN_COMMA = YES;
				CLANG_WARN_CONSTANT_CONVERSION = YES;
				CLANG_WARN_DIRECT_OBJC_ISA_USAGE = YES_ERROR;
				CLANG_WARN_DOCUMENTATION_COMMENTS = YES;
				CLANG_WARN_EMPTY_BODY = YES;
				CLANG_WARN_ENUM_CONVERSION = YES;
				CLANG_WARN_INFINITE_RECURSION = YES;
				CLANG_WARN_INT_CONVERSION = YES;
				CLANG_WARN_NON_LITERAL_NULL_CONVERSION = YES;
				CLANG_WARN_OBJC_LITERAL_CONVERSION = YES;
				CLANG_WARN_OBJC_ROOT_CLASS = YES_ERROR;
				CLANG_WARN_RANGE_LOOP_ANALYSIS = YES;
				CLANG_WARN_STRICT_PROTOTYPES = YES;
				CLANG_WARN_SUSPICIOUS_MOVE = YES;
				CLANG_WARN_UNGUARDED_AVAILABILITY = YES_AGGRESSIVE;
				CLANG_WARN_UNREACHABLE_CODE = YES;
				CLANG_WARN__DUPLICATE_METHOD_MATCH = YES;
				CODE_SIGN_IDENTITY = "iPhone Developer";
				COPY_PHASE_STRIP = NO;
				DEBUG_INFORMATION_FORMAT = "dwarf-with-dsym";
				ENABLE_NS_ASSERTIONS = NO;
				ENABLE_STRICT_OBJC_MSGSEND = YES;
				GCC_C_LANGUAGE_STANDARD = gnu11;
				GCC_NO_COMMON_BLOCKS = YES;
				GCC_WARN_64_TO_32_BIT_CONVERSION = YES;
				GCC_WARN_ABOUT_RETURN_TYPE = YES_ERROR;
				GCC_WARN_UNDECLARED_SELECTOR = YES;
				GCC_WARN_UNINITIALIZED_AUTOS = YES_AGGRESSIVE;
				GCC_WARN_UNUSED_FUNCTION = YES;
				GCC_WARN_UNUSED_VARIABLE = YES;
				IPHONEOS_DEPLOYMENT_TARGET = 11.1;
				MTL_ENABLE_DEBUG_INFO = NO;
				SDKROOT = iphoneos;
				SWIFT_OPTIMIZATION_LEVEL = "-Owholemodule";
				VALIDATE_PRODUCT = YES;
			};
			name = Release;
		};
		AB062D751FB172D200C103E6 /* Debug */ = {
			isa = XCBuildConfiguration;
			baseConfigurationReference = 0BC0408212BA818609985198 /* Pods-app-nut-firebase.debug.xcconfig */;
			buildSettings = {
				ASSETCATALOG_COMPILER_APPICON_NAME = AppIcon;
				CODE_SIGN_STYLE = Automatic;
				DEVELOPMENT_TEAM = 3266WF6C2V;
				FRAMEWORK_SEARCH_PATHS = (
					"$(inherited)",
					"$(PROJECT_DIR)",
				);
				INFOPLIST_FILE = "app-nut-firebase/Info.plist";
				IPHONEOS_DEPLOYMENT_TARGET = 10.0;
				LD_RUNPATH_SEARCH_PATHS = "$(inherited) @executable_path/Frameworks";
				PRODUCT_BUNDLE_IDENTIFIER = "firebase.ios.app-nut-firebase";
				PRODUCT_NAME = "$(TARGET_NAME)";
				SWIFT_VERSION = 4.0;
				TARGETED_DEVICE_FAMILY = "1,2";
			};
			name = Debug;
		};
		AB062D761FB172D200C103E6 /* Release */ = {
			isa = XCBuildConfiguration;
			baseConfigurationReference = 32F323C3C7D45C11037E6BD5 /* Pods-app-nut-firebase.release.xcconfig */;
			buildSettings = {
				ASSETCATALOG_COMPILER_APPICON_NAME = AppIcon;
				CODE_SIGN_STYLE = Automatic;
				DEVELOPMENT_TEAM = 3266WF6C2V;
				FRAMEWORK_SEARCH_PATHS = (
					"$(inherited)",
					"$(PROJECT_DIR)",
				);
				INFOPLIST_FILE = "app-nut-firebase/Info.plist";
				IPHONEOS_DEPLOYMENT_TARGET = 10.0;
				LD_RUNPATH_SEARCH_PATHS = "$(inherited) @executable_path/Frameworks";
				PRODUCT_BUNDLE_IDENTIFIER = "firebase.ios.app-nut-firebase";
				PRODUCT_NAME = "$(TARGET_NAME)";
				SWIFT_VERSION = 4.0;
				TARGETED_DEVICE_FAMILY = "1,2";
			};
			name = Release;
		};
/* End XCBuildConfiguration section */

/* Begin XCConfigurationList section */
		AB062D5D1FB172D200C103E6 /* Build configuration list for PBXProject "app-nut-firebase" */ = {
			isa = XCConfigurationList;
			buildConfigurations = (
				AB062D721FB172D200C103E6 /* Debug */,
				AB062D731FB172D200C103E6 /* Release */,
			);
			defaultConfigurationIsVisible = 0;
			defaultConfigurationName = Release;
		};
		AB062D741FB172D200C103E6 /* Build configuration list for PBXNativeTarget "app-nut-firebase" */ = {
			isa = XCConfigurationList;
			buildConfigurations = (
				AB062D751FB172D200C103E6 /* Debug */,
				AB062D761FB172D200C103E6 /* Release */,
			);
			defaultConfigurationIsVisible = 0;
			defaultConfigurationName = Release;
		};
/* End XCConfigurationList section */
	};
	rootObject = AB062D5A1FB172D200C103E6 /* Project object */;
}
